
Microsoft Visual Studio Solution File, Format Version 12.00
# Visual Studio Version 17
VisualStudioVersion = 17.4.33213.308
MinimumVisualStudioVersion = 10.0.40219.1
Project("{FAE04EC0-301F-11D3-BF4B-00C04F79EFBC}") = "CreatingTooltipSample", "CreatingTooltipSample.csproj", "{2FC27F5C-F549-4D3B-9E74-A6B50FB680B7}"
EndProject
Global
	GlobalSection(SolutionConfigurationPlatforms) = preSolution
		Debug|Any CPU = Debug|Any CPU
		Release|Any CPU = Release|Any CPU
	EndGlobalSection
	GlobalSection(ProjectConfigurationPlatforms) = postSolution
		{2FC27F5C-F549-4D3B-9E74-A6B50FB680B7}.Debug|Any CPU.ActiveCfg = Debug|Any CPU
		{2FC27F5C-F549-4D3B-9E74-A6B50FB680B7}.Debug|Any CPU.Build.0 = Debug|Any CPU
		{2FC27F5C-F549-4D3B-9E74-A6B50FB680B7}.Release|Any CPU.ActiveCfg = Release|Any CPU
		{2FC27F5C-F549-4D3B-9E74-A6B50FB680B7}.Release|Any CPU.Build.0 = Release|Any CPU
	EndGlobalSection
	GlobalSection(SolutionProperties) = preSolution
		HideSolutionNode = FALSE
	EndGlobalSection
	GlobalSection(ExtensibilityGlobals) = postSolution
		SolutionGuid = {BF122813-D3BC-4D80-A81C-8DC6091065C0}
	EndGlobalSection
EndGlobal
